// !$*UTF8*$!
{
	archiveVersion = 1;
	classes = {
	};
	objectVersion = 50;
	objects = {

/* Begin PBXBuildFile section */
		0E112EBA2281947100E0FFAF /* AppDelegate.swift in Sources */ = {isa = PBXBuildFile; fileRef = 0E112EB92281947100E0FFAF /* AppDelegate.swift */; };
		0E112EBF2281947100E0FFAF /* Main.storyboard in Resources */ = {isa = PBXBuildFile; fileRef = 0E112EBD2281947100E0FFAF /* Main.storyboard */; };
		0E112EC12281947200E0FFAF /* Assets.xcassets in Resources */ = {isa = PBXBuildFile; fileRef = 0E112EC02281947200E0FFAF /* Assets.xcassets */; };
		0E112EC42281947200E0FFAF /* LaunchScreen.storyboard in Resources */ = {isa = PBXBuildFile; fileRef = 0E112EC22281947200E0FFAF /* LaunchScreen.storyboard */; };
		0E112ECF228195EF00E0FFAF /* WalkThroughViewController.swift in Sources */ = {isa = PBXBuildFile; fileRef = 0E112ECC228195EF00E0FFAF /* WalkThroughViewController.swift */; };
		0E112ED0228195EF00E0FFAF /* WalkThroughViewController+Ext.swift in Sources */ = {isa = PBXBuildFile; fileRef = 0E112ECD228195EF00E0FFAF /* WalkThroughViewController+Ext.swift */; };
		0E112ED1228195EF00E0FFAF /* WalkThroughViewModel.swift in Sources */ = {isa = PBXBuildFile; fileRef = 0E112ECE228195EF00E0FFAF /* WalkThroughViewModel.swift */; };
		0E112ED62281966200E0FFAF /* WalkThroughPageViewController.swift in Sources */ = {isa = PBXBuildFile; fileRef = 0E112ED32281966200E0FFAF /* WalkThroughPageViewController.swift */; };
		0E112ED72281966200E0FFAF /* WalkThroughPageViewController+Ext.swift in Sources */ = {isa = PBXBuildFile; fileRef = 0E112ED42281966200E0FFAF /* WalkThroughPageViewController+Ext.swift */; };
		0E112ED82281966200E0FFAF /* WalkThroughPageViewModel.swift in Sources */ = {isa = PBXBuildFile; fileRef = 0E112ED52281966200E0FFAF /* WalkThroughPageViewModel.swift */; };
		0E112EDC228197D000E0FFAF /* Walk1ViewController.swift in Sources */ = {isa = PBXBuildFile; fileRef = 0E112EDA228197D000E0FFAF /* Walk1ViewController.swift */; };
		0E112EDD228197D000E0FFAF /* Walk1ViewModel.swift in Sources */ = {isa = PBXBuildFile; fileRef = 0E112EDB228197D000E0FFAF /* Walk1ViewModel.swift */; };
/* End PBXBuildFile section */

/* Begin PBXFileReference section */
		0E112EB62281947100E0FFAF /* OverallScroll2.app */ = {isa = PBXFileReference; explicitFileType = wrapper.application; includeInIndex = 0; path = OverallScroll2.app; sourceTree = BUILT_PRODUCTS_DIR; };
		0E112EB92281947100E0FFAF /* AppDelegate.swift */ = {isa = PBXFileReference; lastKnownFileType = sourcecode.swift; path = AppDelegate.swift; sourceTree = "<group>"; };
		0E112EBE2281947100E0FFAF /* Base */ = {isa = PBXFileReference; lastKnownFileType = file.storyboard; name = Base; path = Base.lproj/Main.storyboard; sourceTree = "<group>"; };
		0E112EC02281947200E0FFAF /* Assets.xcassets */ = {isa = PBXFileReference; lastKnownFileType = folder.assetcatalog; path = Assets.xcassets; sourceTree = "<group>"; };
		0E112EC32281947200E0FFAF /* Base */ = {isa = PBXFileReference; lastKnownFileType = file.storyboard; name = Base; path = Base.lproj/LaunchScreen.storyboard; sourceTree = "<group>"; };
		0E112EC52281947200E0FFAF /* Info.plist */ = {isa = PBXFileReference; lastKnownFileType = text.plist.xml; path = Info.plist; sourceTree = "<group>"; };
		0E112ECC228195EF00E0FFAF /* WalkThroughViewController.swift */ = {isa = PBXFileReference; fileEncoding = 4; lastKnownFileType = sourcecode.swift; path = WalkThroughViewController.swift; sourceTree = "<group>"; };
		0E112ECD228195EF00E0FFAF /* WalkThroughViewController+Ext.swift */ = {isa = PBXFileReference; fileEncoding = 4; lastKnownFileType = sourcecode.swift; path = "WalkThroughViewController+Ext.swift"; sourceTree = "<group>"; };
		0E112ECE228195EF00E0FFAF /* WalkThroughViewModel.swift */ = {isa = PBXFileReference; fileEncoding = 4; lastKnownFileType = sourcecode.swift; path = WalkThroughViewModel.swift; sourceTree = "<group>"; };
		0E112ED32281966200E0FFAF /* WalkThroughPageViewController.swift */ = {isa = PBXFileReference; fileEncoding = 4; lastKnownFileType = sourcecode.swift; path = WalkThroughPageViewController.swift; sourceTree = "<group>"; };
		0E112ED42281966200E0FFAF /* WalkThroughPageViewController+Ext.swift */ = {isa = PBXFileReference; fileEncoding = 4; lastKnownFileType = sourcecode.swift; path = "WalkThroughPageViewController+Ext.swift"; sourceTree = "<group>"; };
		0E112ED52281966200E0FFAF /* WalkThroughPageViewModel.swift */ = {isa = PBXFileReference; fileEncoding = 4; lastKnownFileType = sourcecode.swift; path = WalkThroughPageViewModel.swift; sourceTree = "<group>"; };
		0E112EDA228197D000E0FFAF /* Walk1ViewController.swift */ = {isa = PBXFileReference; fileEncoding = 4; lastKnownFileType = sourcecode.swift; path = Walk1ViewController.swift; sourceTree = "<group>"; };
		0E112EDB228197D000E0FFAF /* Walk1ViewModel.swift */ = {isa = PBXFileReference; fileEncoding = 4; lastKnownFileType = sourcecode.swift; path = Walk1ViewModel.swift; sourceTree = "<group>"; };
/* End PBXFileReference section */

/* Begin PBXFrameworksBuildPhase section */
		0E112EB32281947100E0FFAF /* Frameworks */ = {
			isa = PBXFrameworksBuildPhase;
			buildActionMask = 2147483647;
			files = (
			);
			runOnlyForDeploymentPostprocessing = 0;
		};
/* End PBXFrameworksBuildPhase section */

/* Begin PBXGroup section */
		0E112EAD2281947100E0FFAF = {
			isa = PBXGroup;
			children = (
				0E112EB82281947100E0FFAF /* OverallScroll2 */,
				0E112EB72281947100E0FFAF /* Products */,
			);
			sourceTree = "<group>";
		};
		0E112EB72281947100E0FFAF /* Products */ = {
			isa = PBXGroup;
			children = (
				0E112EB62281947100E0FFAF /* OverallScroll2.app */,
			);
			name = Products;
			sourceTree = "<group>";
		};
		0E112EB82281947100E0FFAF /* OverallScroll2 */ = {
			isa = PBXGroup;
			children = (
				0E112ED9228197BD00E0FFAF /* Walk1ViewController */,
				0E112ED22281963E00E0FFAF /* WalkThroughPageViewController */,
				0E112ECB228195B700E0FFAF /* WalkThroughViewController */,
				0E112EB92281947100E0FFAF /* AppDelegate.swift */,
				0E112EBD2281947100E0FFAF /* Main.storyboard */,
				0E112EC02281947200E0FFAF /* Assets.xcassets */,
				0E112EC22281947200E0FFAF /* LaunchScreen.storyboard */,
				0E112EC52281947200E0FFAF /* Info.plist */,
			);
			path = OverallScroll2;
			sourceTree = "<group>";
		};
		0E112ECB228195B700E0FFAF /* WalkThroughViewController */ = {
			isa = PBXGroup;
			children = (
				0E112ECC228195EF00E0FFAF /* WalkThroughViewController.swift */,
				0E112ECE228195EF00E0FFAF /* WalkThroughViewModel.swift */,
				0E112ECD228195EF00E0FFAF /* WalkThroughViewController+Ext.swift */,
			);
			path = WalkThroughViewController;
			sourceTree = "<group>";
		};
		0E112ED22281963E00E0FFAF /* WalkThroughPageViewController */ = {
			isa = PBXGroup;
			children = (
				0E112ED32281966200E0FFAF /* WalkThroughPageViewController.swift */,
				0E112ED52281966200E0FFAF /* WalkThroughPageViewModel.swift */,
				0E112ED42281966200E0FFAF /* WalkThroughPageViewController+Ext.swift */,
			);
			path = WalkThroughPageViewController;
			sourceTree = "<group>";
		};
		0E112ED9228197BD00E0FFAF /* Walk1ViewController */ = {
			isa = PBXGroup;
			children = (
				0E112EDA228197D000E0FFAF /* Walk1ViewController.swift */,
				0E112EDB228197D000E0FFAF /* Walk1ViewModel.swift */,
			);
			path = Walk1ViewController;
			sourceTree = "<group>";
		};
/* End PBXGroup section */

/* Begin PBXNativeTarget section */
		0E112EB52281947100E0FFAF /* OverallScroll2 */ = {
			isa = PBXNativeTarget;
			buildConfigurationList = 0E112EC82281947200E0FFAF /* Build configuration list for PBXNativeTarget "OverallScroll2" */;
			buildPhases = (
				0E112EB22281947100E0FFAF /* Sources */,
				0E112EB32281947100E0FFAF /* Frameworks */,
				0E112EB42281947100E0FFAF /* Resources */,
			);
			buildRules = (
			);
			dependencies = (
			);
			name = OverallScroll2;
			productName = OverallScroll2;
			productReference = 0E112EB62281947100E0FFAF /* OverallScroll2.app */;
			productType = "com.apple.product-type.application";
		};
/* End PBXNativeTarget section */

/* Begin PBXProject section */
		0E112EAE2281947100E0FFAF /* Project object */ = {
			isa = PBXProject;
			attributes = {
				LastSwiftUpdateCheck = 1020;
				LastUpgradeCheck = 1020;
				ORGANIZATIONNAME = "Qaptive Technologies";
				TargetAttributes = {
					0E112EB52281947100E0FFAF = {
						CreatedOnToolsVersion = 10.2.1;
					};
				};
			};
			buildConfigurationList = 0E112EB12281947100E0FFAF /* Build configuration list for PBXProject "OverallScroll2" */;
			compatibilityVersion = "Xcode 9.3";
			developmentRegion = en;
			hasScannedForEncodings = 0;
			knownRegions = (
				en,
				Base,
			);
			mainGroup = 0E112EAD2281947100E0FFAF;
			productRefGroup = 0E112EB72281947100E0FFAF /* Products */;
			projectDirPath = "";
			projectRoot = "";
			targets = (
				0E112EB52281947100E0FFAF /* OverallScroll2 */,
			);
		};
/* End PBXProject section */

/* Begin PBXResourcesBuildPhase section */
		0E112EB42281947100E0FFAF /* Resources */ = {
			isa = PBXResourcesBuildPhase;
			buildActionMask = 2147483647;
			files = (
				0E112EC42281947200E0FFAF /* LaunchScreen.storyboard in Resources */,
				0E112EC12281947200E0FFAF /* Assets.xcassets in Resources */,
				0E112EBF2281947100E0FFAF /* Main.storyboard in Resources */,
			);
			runOnlyForDeploymentPostprocessing = 0;
		};
/* End PBXResourcesBuildPhase section */

/* Begin PBXSourcesBuildPhase section */
		0E112EB22281947100E0FFAF /* Sources */ = {
			isa = PBXSourcesBuildPhase;
			buildActionMask = 2147483647;
			files = (
				0E112ED62281966200E0FFAF /* WalkThroughPageViewController.swift in Sources */,
				0E112EBA2281947100E0FFAF /* AppDelegate.swift in Sources */,
				0E112EDD228197D000E0FFAF /* Walk1ViewModel.swift in Sources */,
				0E112ED82281966200E0FFAF /* WalkThroughPageViewModel.swift in Sources */,
				0E112EDC228197D000E0FFAF /* Walk1ViewController.swift in Sources */,
				0E112ED1228195EF00E0FFAF /* WalkThroughViewModel.swift in Sources */,
				0E112ECF228195EF00E0FFAF /* WalkThroughViewController.swift in Sources */,
				0E112ED72281966200E0FFAF /* WalkThroughPageViewController+Ext.swift in Sources */,
				0E112ED0228195EF00E0FFAF /* WalkThroughViewController+Ext.swift in Sources */,
			);
			runOnlyForDeploymentPostprocessing = 0;
		};
/* End PBXSourcesBuildPhase section */

/* Begin PBXVariantGroup section */
		0E112EBD2281947100E0FFAF /* Main.storyboard */ = {
			isa = PBXVariantGroup;
			children = (
				0E112EBE2281947100E0FFAF /* Base */,
			);
			name = Main.storyboard;
			sourceTree = "<group>";
		};
		0E112EC22281947200E0FFAF /* LaunchScreen.storyboard */ = {
			isa = PBXVariantGroup;
			children = (
				0E112EC32281947200E0FFAF /* Base */,
			);
			name = LaunchScreen.storyboard;
			sourceTree = "<group>";
		};
/* End PBXVariantGroup section */

/* Begin XCBuildConfiguration section */
		0E112EC62281947200E0FFAF /* Debug */ = {
			isa = XCBuildConfiguration;
			buildSettings = {
				ALWAYS_SEARCH_USER_PATHS = NO;
				CLANG_ANALYZER_NONNULL = YES;
				CLANG_ANALYZER_NUMBER_OBJECT_CONVERSION = YES_AGGRESSIVE;
				CLANG_CXX_LANGUAGE_STANDARD = "gnu++14";
				CLANG_CXX_LIBRARY = "libc++";
				CLANG_ENABLE_MODULES = YES;
				CLANG_ENABLE_OBJC_ARC = YES;
				CLANG_ENABLE_OBJC_WEAK = YES;
				CLANG_WARN_BLOCK_CAPTURE_AUTORELEASING = YES;
				CLANG_WARN_BOOL_CONVERSION = YES;
				CLANG_WARN_COMMA = YES;
				CLANG_WARN_CONSTANT_CONVERSION = YES;
				CLANG_WARN_DEPRECATED_OBJC_IMPLEMENTATIONS = YES;
				CLANG_WARN_DIRECT_OBJC_ISA_USAGE = YES_ERROR;
				CLANG_WARN_DOCUMENTATION_COMMENTS = YES;
				CLANG_WARN_EMPTY_BODY = YES;
				CLANG_WARN_ENUM_CONVERSION = YES;
				CLANG_WARN_INFINITE_RECURSION = YES;
				CLANG_WARN_INT_CONVERSION = YES;
				CLANG_WARN_NON_LITERAL_NULL_CONVERSION = YES;
				CLANG_WARN_OBJC_IMPLICIT_RETAIN_SELF = YES;
				CLANG_WARN_OBJC_LITERAL_CONVERSION = YES;
				CLANG_WARN_OBJC_ROOT_CLASS = YES_ERROR;
				CLANG_WARN_RANGE_LOOP_ANALYSIS = YES;
				CLANG_WARN_STRICT_PROTOTYPES = YES;
				CLANG_WARN_SUSPICIOUS_MOVE = YES;
				CLANG_WARN_UNGUARDED_AVAILABILITY = YES_AGGRESSIVE;
				CLANG_WARN_UNREACHABLE_CODE = YES;
				CLANG_WARN__DUPLICATE_METHOD_MATCH = YES;
				CODE_SIGN_IDENTITY = "iPhone Developer";
				COPY_PHASE_STRIP = NO;
				DEBUG_INFORMATION_FORMAT = dwarf;
				ENABLE_STRICT_OBJC_MSGSEND = YES;
				ENABLE_TESTABILITY = YES;
				GCC_C_LANGUAGE_STANDARD = gnu11;
				GCC_DYNAMIC_NO_PIC = NO;
				GCC_NO_COMMON_BLOCKS = YES;
				GCC_OPTIMIZATION_LEVEL = 0;
				GCC_PREPROCESSOR_DEFINITIONS = (
					"DEBUG=1",
					"$(inherited)",
				);
				GCC_WARN_64_TO_32_BIT_CONVERSION = YES;
				GCC_WARN_ABOUT_RETURN_TYPE = YES_ERROR;
				GCC_WARN_UNDECLARED_SELECTOR = YES;
				GCC_WARN_UNINITIALIZED_AUTOS = YES_AGGRESSIVE;
				GCC_WARN_UNUSED_FUNCTION = YES;
				GCC_WARN_UNUSED_VARIABLE = YES;
				IPHONEOS_DEPLOYMENT_TARGET = 12.2;
				MTL_ENABLE_DEBUG_INFO = INCLUDE_SOURCE;
				MTL_FAST_MATH = YES;
				ONLY_ACTIVE_ARCH = YES;
				SDKROOT = iphoneos;
				SWIFT_ACTIVE_COMPILATION_CONDITIONS = DEBUG;
				SWIFT_OPTIMIZATION_LEVEL = "-Onone";
			};
			name = Debug;
		};
		0E112EC72281947200E0FFAF /* Release */ = {
			isa = XCBuildConfiguration;
			buildSettings = {
				ALWAYS_SEARCH_USER_PATHS = NO;
				CLANG_ANALYZER_NONNULL = YES;
				CLANG_ANALYZER_NUMBER_OBJECT_CONVERSION = YES_AGGRESSIVE;
				CLANG_CXX_LANGUAGE_STANDARD = "gnu++14";
				CLANG_CXX_LIBRARY = "libc++";
				CLANG_ENABLE_MODULES = YES;
				CLANG_ENABLE_OBJC_ARC = YES;
				CLANG_ENABLE_OBJC_WEAK = YES;
				CLANG_WARN_BLOCK_CAPTURE_AUTORELEASING = YES;
				CLANG_WARN_BOOL_CONVERSION = YES;
				CLANG_WARN_COMMA = YES;
				CLANG_WARN_CONSTANT_CONVERSION = YES;
				CLANG_WARN_DEPRECATED_OBJC_IMPLEMENTATIONS = YES;
				CLANG_WARN_DIRECT_OBJC_ISA_USAGE = YES_ERROR;
				CLANG_WARN_DOCUMENTATION_COMMENTS = YES;
				CLANG_WARN_EMPTY_BODY = YES;
				CLANG_WARN_ENUM_CONVERSION = YES;
				CLANG_WARN_INFINITE_RECURSION = YES;
				CLANG_WARN_INT_CONVERSION = YES;
				CLANG_WARN_NON_LITERAL_NULL_CONVERSION = YES;
				CLANG_WARN_OBJC_IMPLICIT_RETAIN_SELF = YES;
				CLANG_WARN_OBJC_LITERAL_CONVERSION = YES;
				CLANG_WARN_OBJC_ROOT_CLASS = YES_ERROR;
				CLANG_WARN_RANGE_LOOP_ANALYSIS = YES;
				CLANG_WARN_STRICT_PROTOTYPES = YES;
				CLANG_WARN_SUSPICIOUS_MOVE = YES;
				CLANG_WARN_UNGUARDED_AVAILABILITY = YES_AGGRESSIVE;
				CLANG_WARN_UNREACHABLE_CODE = YES;
				CLANG_WARN__DUPLICATE_METHOD_MATCH = YES;
				CODE_SIGN_IDENTITY = "iPhone Developer";
				COPY_PHASE_STRIP = NO;
				DEBUG_INFORMATION_FORMAT = "dwarf-with-dsym";
				ENABLE_NS_ASSERTIONS = NO;
				ENABLE_STRICT_OBJC_MSGSEND = YES;
				GCC_C_LANGUAGE_STANDARD = gnu11;
				GCC_NO_COMMON_BLOCKS = YES;
				GCC_WARN_64_TO_32_BIT_CONVERSION = YES;
				GCC_WARN_ABOUT_RETURN_TYPE = YES_ERROR;
				GCC_WARN_UNDECLARED_SELECTOR = YES;
				GCC_WARN_UNINITIALIZED_AUTOS = YES_AGGRESSIVE;
				GCC_WARN_UNUSED_FUNCTION = YES;
				GCC_WARN_UNUSED_VARIABLE = YES;
				IPHONEOS_DEPLOYMENT_TARGET = 12.2;
				MTL_ENABLE_DEBUG_INFO = NO;
				MTL_FAST_MATH = YES;
				SDKROOT = iphoneos;
				SWIFT_COMPILATION_MODE = wholemodule;
				SWIFT_OPTIMIZATION_LEVEL = "-O";
				VALIDATE_PRODUCT = YES;
			};
			name = Release;
		};
		0E112EC92281947200E0FFAF /* Debug */ = {
			isa = XCBuildConfiguration;
			buildSettings = {
				ASSETCATALOG_COMPILER_APPICON_NAME = AppIcon;
				CODE_SIGN_STYLE = Automatic;
				DEVELOPMENT_TEAM = 3P3J8AFD59;
				INFOPLIST_FILE = OverallScroll2/Info.plist;
				LD_RUNPATH_SEARCH_PATHS = (
					"$(inherited)",
					"@executable_path/Frameworks",
				);
				PRODUCT_BUNDLE_IDENTIFIER = QaptiveTech.OverallScroll2;
				PRODUCT_NAME = "$(TARGET_NAME)";
				SWIFT_VERSION = 5.0;
				TARGETED_DEVICE_FAMILY = "1,2";
			};
			name = Debug;
		};
		0E112ECA2281947200E0FFAF /* Release */ = {
			isa = XCBuildConfiguration;
			buildSettings = {
				ASSETCATALOG_COMPILER_APPICON_NAME = AppIcon;
				CODE_SIGN_STYLE = Automatic;
				DEVELOPMENT_TEAM = 3P3J8AFD59;
				INFOPLIST_FILE = OverallScroll2/Info.plist;
				LD_RUNPATH_SEARCH_PATHS = (
					"$(inherited)",
					"@executable_path/Frameworks",
				);
				PRODUCT_BUNDLE_IDENTIFIER = QaptiveTech.OverallScroll2;
				PRODUCT_NAME = "$(TARGET_NAME)";
				SWIFT_VERSION = 5.0;
				TARGETED_DEVICE_FAMILY = "1,2";
			};
			name = Release;
		};
/* End XCBuildConfiguration section */

/* Begin XCConfigurationList section */
		0E112EB12281947100E0FFAF /* Build configuration list for PBXProject "OverallScroll2" */ = {
			isa = XCConfigurationList;
			buildConfigurations = (
				0E112EC62281947200E0FFAF /* Debug */,
				0E112EC72281947200E0FFAF /* Release */,
			);
			defaultConfigurationIsVisible = 0;
			defaultConfigurationName = Release;
		};
		0E112EC82281947200E0FFAF /* Build configuration list for PBXNativeTarget "OverallScroll2" */ = {
			isa = XCConfigurationList;
			buildConfigurations = (
				0E112EC92281947200E0FFAF /* Debug */,
				0E112ECA2281947200E0FFAF /* Release */,
			);
			defaultConfigurationIsVisible = 0;
			defaultConfigurationName = Release;
		};
/* End XCConfigurationList section */
	};
	rootObject = 0E112EAE2281947100E0FFAF /* Project object */;
}
